hash: 851fcbd67011887453129a1ed08a25fa81923e174151ebf1047b2e92eaf47101
updated: 2019-04-10T16:55:31.271925989+08:00
imports:
- name: github.com/dgrijalva/jwt-go
  version: 06ea1031745cb8b3dab3f6a236daf2b0aa468b7e
- name: github.com/fsnotify/fsnotify
  version: 1485a34d5d5723fea214f5710708e19a831720e4
- name: github.com/gin-contrib/sse
  version: 5545eab6dad3bbbd6c5ae9186383c2a9d23c0dae
- name: github.com/gin-gonic/gin
  version: ffcbe77b1e6222b4e0e97eb1920adc1813fb2224
  subpackages:
  - binding
  - internal/json
  - render
- name: github.com/go-ole/go-ole
  version: 97b6244175ae18ea6eef668034fd6565847501c9
  subpackages:
  - oleutil
- name: github.com/go-playground/locales
  version: f63010822830b6fe52288ee52d5a1151088ce039
  subpackages:
  - currency
- name: github.com/go-playground/universal-translator
  version: 71201497bace774495daed26a3874fd339e0b538
- name: github.com/go-sql-driver/mysql
  version: 93c3765e9bb2e29c6a63277c9f829dae34ec24eb
- name: github.com/golang/protobuf
  version: e91709a02e0e8ff8b86b7aa913fdc9ae9498e825
  subpackages:
  - proto
- name: github.com/hashicorp/hcl
  version: 65a6292f0157eff210d03ed1bf6c59b190b8b906
  subpackages:
  - hcl/ast
  - hcl/parser
  - hcl/printer
  - hcl/scanner
  - hcl/strconv
  - hcl/token
  - json/parser
  - json/scanner
  - json/token
- name: github.com/jinzhu/gorm
  version: 071b657418cccdab721e549108b6b6cf8a1b7361
  subpackages:
  - dialects/mysql
- name: github.com/jinzhu/inflection
  version: 04140366298a54a039076d798123ffa108fff46c
- name: github.com/json-iterator/go
  version: 0ff49de124c6f76f8494e194af75bde0f1a49a29
- name: github.com/leodido/go-urn
  version: a67a23e1c1af3c66528573bb86a87246477277c1
- name: github.com/lexkong/log
  version: 972f9cd951fc7e5c8797f1fb2b57b63b09ff4de9
  subpackages:
  - lager
  - lager/color
- name: github.com/magiconair/properties
  version: 7757cc9fdb852f7579b24170bcacda2c7471bb6a
- name: github.com/mattn/go-isatty
  version: c2a7a6ca930a4cd0bc33a3f298eb71960732a3a7
- name: github.com/mitchellh/mapstructure
  version: 3536a929edddb9a5b34bd6861dc4a9647cb459fe
- name: github.com/modern-go/concurrent
  version: bacd9c7ef1dd9b15be4a9909b8ac7a4e313eec94
- name: github.com/modern-go/reflect2
  version: 94122c33edd36123c84d5368cfb2b69df93a0ec8
- name: github.com/pelletier/go-toml
  version: 63909f0a90ab0f36909e8e044e46ace10cf13ba2
- name: github.com/satori/go.uuid
  version: b2ce2384e17bbe0c6d34077efa39dbab3e09123b
- name: github.com/shirou/gopsutil
  version: 2cbc9195c892b304060269ef280375236d2fcac9
  subpackages:
  - cpu
  - disk
  - internal/common
  - load
  - mem
- name: github.com/sirupsen/logrus
  version: 8bdbc7bcc01dcbb8ec23dc8a28e332258d25251f
- name: github.com/spf13/afero
  version: 588a75ec4f32903aa5e39a2619ba6a4631e28424
  subpackages:
  - mem
- name: github.com/spf13/cast
  version: 8c9545af88b134710ab1cd196795e7f2388358d7
- name: github.com/spf13/jwalterweatherman
  version: 94f6ae3ed3bceceafa716478c5fbf8d29ca601a1
- name: github.com/spf13/pflag
  version: 24fa6976df40757dce6aea913e7b81ade90530e1
- name: github.com/spf13/viper
  version: b5e8006cbee93ec955a89ab31e0e3ce3204f3736
- name: github.com/StackExchange/wmi
  version: e0a55b97c70558c92ce14085e41b35a894e93d3d
- name: github.com/teris-io/shortid
  version: 771a37caa5cf0c81f585d7b6df4dfc77e0615b5c
- name: github.com/ugorji/go
  version: 2adff0894ba3bc2eeb9f9aea45fefd49802e1a13
  subpackages:
  - codec
- name: github.com/willf/pad
  version: eccfe5d84172e4f9dfd83fac9ed3a5f0eafbc2b4
- name: golang.org/x/crypto/bcrypt
  version: 38d8ce5564a5b71b2e3a00553993f1b9a7ae852f
- name: golang.org/x/sys/unix
  version: 4b34438f7a67ee5f45cc6132e2bad873a20324e9
- name: golang.org/x/sys/windows
  version: 4b34438f7a67ee5f45cc6132e2bad873a20324e9
- name: golang.org/x/text/transform
  version: 31e7599a6c37728c25ca34167be099d072ad335d
- name: golang.org/x/text/unicode/norm
  version: 31e7599a6c37728c25ca34167be099d072ad335d
- name: google.golang.org/appengine
  version: 54a98f90d1c46b7731eb8fb305d2a321c30ef610
  repo: https://github.com/golang/appengine
  subpackages:
  - app_identity
  - cloudsql
  - modules
- name: gopkg.in/go-playground/validator.v8
  version: 5f1438d3fca68893a817e4a66806cea46a9e4ebf
- name: gopkg.in/go-playground/validator.v9
  version: 46b4b1e301c24cac870ffcb4ba5c8a703d1ef475
- name: gopkg.in/yaml.v2
  version: 51d6538a90f86fe93ac480b35f37b2be17fef232
testImports: []
